
Microsoft Visual Studio Solution File, Format Version 12.00
# Visual Studio Version 17
VisualStudioVersion = 17.10.35027.167
MinimumVisualStudioVersion = 10.0.40219.1
Project("{FAE04EC0-301F-11D3-BF4B-00C04F79EFBC}") = "Repaso", "Repaso.csproj", "{F1C328F4-6B08-40FC-9464-C705B77FF1C2}"
EndProject
Global
	GlobalSection(SolutionConfigurationPlatforms) = preSolution
		Debug|Any CPU = Debug|Any CPU
		Release|Any CPU = Release|Any CPU
	EndGlobalSection
	GlobalSection(ProjectConfigurationPlatforms) = postSolution
		{F1C328F4-6B08-40FC-9464-C705B77FF1C2}.Debug|Any CPU.ActiveCfg = Debug|Any CPU
		{F1C328F4-6B08-40FC-9464-C705B77FF1C2}.Debug|Any CPU.Build.0 = Debug|Any CPU
		{F1C328F4-6B08-40FC-9464-C705B77FF1C2}.Release|Any CPU.ActiveCfg = Release|Any CPU
		{F1C328F4-6B08-40FC-9464-C705B77FF1C2}.Release|Any CPU.Build.0 = Release|Any CPU
	EndGlobalSection
	GlobalSection(SolutionProperties) = preSolution
		HideSolutionNode = FALSE
	EndGlobalSection
	GlobalSection(ExtensibilityGlobals) = postSolution
		SolutionGuid = {FA323369-56C5-4E4F-B379-611EFE6F7260}
	EndGlobalSection
EndGlobal
